
Microsoft Visual Studio Solution File, Format Version 12.00
# Visual Studio 14
VisualStudioVersion = 14.0.24720.0
MinimumVisualStudioVersion = 10.0.40219.1
Project("{888888A0-9F3D-457C-B088-3A5042F75D52}") = "partybutton", "partybutton\partybutton.pyproj", "{5FD9BD40-88B5-491E-88FA-1A3CFC3304FB}"
EndProject
Project("{2150E333-8FDC-42A3-9474-1A3956D46DE8}") = "Node", "Node", "{A3B7958F-8D4B-4F62-AACC-758C32ECBBC2}"
	ProjectSection(SolutionItems) = preProject
		go.js = go.js
	EndProjectSection
EndProject
Global
	GlobalSection(SolutionConfigurationPlatforms) = preSolution
		Debug|Any CPU = Debug|Any CPU
		Release|Any CPU = Release|Any CPU
	EndGlobalSection
	GlobalSection(ProjectConfigurationPlatforms) = postSolution
		{5FD9BD40-88B5-491E-88FA-1A3CFC3304FB}.Debug|Any CPU.ActiveCfg = Debug|Any CPU
		{5FD9BD40-88B5-491E-88FA-1A3CFC3304FB}.Release|Any CPU.ActiveCfg = Release|Any CPU
	EndGlobalSection
	GlobalSection(SolutionProperties) = preSolution
		HideSolutionNode = FALSE
	EndGlobalSection
EndGlobal
